
Microsoft Visual Studio Solution File, Format Version 12.00
# Visual Studio Version 17
VisualStudioVersion = 17.7.34018.315
MinimumVisualStudioVersion = 10.0.40219.1
Project("{2150E333-8FDC-42A3-9474-1A3956D46DE8}") = "src", "src", "{5E91FFB0-6F03-46FA-ADCB-D409F9E81F03}"
EndProject
Project("{FAE04EC0-301F-11D3-BF4B-00C04F79EFBC}") = "Twitter.Api", "Twitter.Api\Twitter.Api.csproj", "{683C9E20-3954-49D3-A314-0DA9871C7C9F}"
EndProject
Project("{2150E333-8FDC-42A3-9474-1A3956D46DE8}") = "test", "test", "{804130D9-70F1-43E9-8B9B-C8A94D7816EB}"
EndProject
Project("{2150E333-8FDC-42A3-9474-1A3956D46DE8}") = "API", "API", "{E528AD54-0E32-4235-9254-6670052920E9}"
EndProject
Project("{2150E333-8FDC-42A3-9474-1A3956D46DE8}") = "Core", "Core", "{7F6C3109-52C6-4DB9-B9FF-0423AF4E80A2}"
EndProject
Project("{2150E333-8FDC-42A3-9474-1A3956D46DE8}") = "Infrastructure", "Infrastructure", "{2BFA8444-D15C-445C-BF01-22662B92FA4E}"
EndProject
Project("{FAE04EC0-301F-11D3-BF4B-00C04F79EFBC}") = "Twitter.Infrastructure", "Twitter.Infrastructure\Twitter.Infrastructure.csproj", "{795C31A6-4D51-44D9-BF76-EACEE0E01E52}"
EndProject
Project("{FAE04EC0-301F-11D3-BF4B-00C04F79EFBC}") = "Twitter.Application", "Twitter.Application\Twitter.Application.csproj", "{31AB25EA-D674-419C-8F6B-4C373AE0C092}"
EndProject
Global
	GlobalSection(SolutionConfigurationPlatforms) = preSolution
		Debug|Any CPU = Debug|Any CPU
		Release|Any CPU = Release|Any CPU
	EndGlobalSection
	GlobalSection(ProjectConfigurationPlatforms) = postSolution
		{683C9E20-3954-49D3-A314-0DA9871C7C9F}.Debug|Any CPU.ActiveCfg = Debug|Any CPU
		{683C9E20-3954-49D3-A314-0DA9871C7C9F}.Debug|Any CPU.Build.0 = Debug|Any CPU
		{683C9E20-3954-49D3-A314-0DA9871C7C9F}.Release|Any CPU.ActiveCfg = Release|Any CPU
		{683C9E20-3954-49D3-A314-0DA9871C7C9F}.Release|Any CPU.Build.0 = Release|Any CPU
		{795C31A6-4D51-44D9-BF76-EACEE0E01E52}.Debug|Any CPU.ActiveCfg = Debug|Any CPU
		{795C31A6-4D51-44D9-BF76-EACEE0E01E52}.Debug|Any CPU.Build.0 = Debug|Any CPU
		{795C31A6-4D51-44D9-BF76-EACEE0E01E52}.Release|Any CPU.ActiveCfg = Release|Any CPU
		{795C31A6-4D51-44D9-BF76-EACEE0E01E52}.Release|Any CPU.Build.0 = Release|Any CPU
		{31AB25EA-D674-419C-8F6B-4C373AE0C092}.Debug|Any CPU.ActiveCfg = Debug|Any CPU
		{31AB25EA-D674-419C-8F6B-4C373AE0C092}.Debug|Any CPU.Build.0 = Debug|Any CPU
		{31AB25EA-D674-419C-8F6B-4C373AE0C092}.Release|Any CPU.ActiveCfg = Release|Any CPU
		{31AB25EA-D674-419C-8F6B-4C373AE0C092}.Release|Any CPU.Build.0 = Release|Any CPU
	EndGlobalSection
	GlobalSection(SolutionProperties) = preSolution
		HideSolutionNode = FALSE
	EndGlobalSection
	GlobalSection(NestedProjects) = preSolution
		{683C9E20-3954-49D3-A314-0DA9871C7C9F} = {E528AD54-0E32-4235-9254-6670052920E9}
		{E528AD54-0E32-4235-9254-6670052920E9} = {5E91FFB0-6F03-46FA-ADCB-D409F9E81F03}
		{7F6C3109-52C6-4DB9-B9FF-0423AF4E80A2} = {5E91FFB0-6F03-46FA-ADCB-D409F9E81F03}
		{2BFA8444-D15C-445C-BF01-22662B92FA4E} = {5E91FFB0-6F03-46FA-ADCB-D409F9E81F03}
		{795C31A6-4D51-44D9-BF76-EACEE0E01E52} = {2BFA8444-D15C-445C-BF01-22662B92FA4E}
		{31AB25EA-D674-419C-8F6B-4C373AE0C092} = {7F6C3109-52C6-4DB9-B9FF-0423AF4E80A2}
	EndGlobalSection
	GlobalSection(ExtensibilityGlobals) = postSolution
		SolutionGuid = {1D3C3D2A-872A-4088-AC6B-FF32F36D192D}
	EndGlobalSection
EndGlobal
